
Microsoft Visual Studio Solution File, Format Version 12.00
# Visual Studio Version 16
VisualStudioVersion = 16.0.31424.327
MinimumVisualStudioVersion = 10.0.40219.1
Project("{FAE04EC0-301F-11D3-BF4B-00C04F79EFBC}") = "Songs.API", "Songs.API\Songs.API.csproj", "{288DF1BC-68ED-415A-91B1-FA461AA73AE8}"
EndProject
Project("{FAE04EC0-301F-11D3-BF4B-00C04F79EFBC}") = "Songs.Common", "Songs.Common\Songs.Common.csproj", "{451F42CF-B4AF-449F-A742-8EC454C4657D}"
EndProject
Project("{FAE04EC0-301F-11D3-BF4B-00C04F79EFBC}") = "Songs.DataPersistence", "Songs.DataPersistence\Songs.DataPersistence.csproj", "{52C62086-AA45-4A51-B1F4-557BAB1E0AEA}"
EndProject
Project("{FAE04EC0-301F-11D3-BF4B-00C04F79EFBC}") = "Songs.Interfaces", "Songs.Interfaces\Songs.Interfaces.csproj", "{808A191E-20EE-4E37-85AF-4C4900935337}"
EndProject
Project("{FAE04EC0-301F-11D3-BF4B-00C04F79EFBC}") = "Songs.Services", "Songs.Services\Songs.Services.csproj", "{AD50DE17-8ECF-4208-A2E0-038E4783E443}"
EndProject
Global
	GlobalSection(SolutionConfigurationPlatforms) = preSolution
		Debug|Any CPU = Debug|Any CPU
		Release|Any CPU = Release|Any CPU
	EndGlobalSection
	GlobalSection(ProjectConfigurationPlatforms) = postSolution
		{288DF1BC-68ED-415A-91B1-FA461AA73AE8}.Debug|Any CPU.ActiveCfg = Debug|Any CPU
		{288DF1BC-68ED-415A-91B1-FA461AA73AE8}.Debug|Any CPU.Build.0 = Debug|Any CPU
		{288DF1BC-68ED-415A-91B1-FA461AA73AE8}.Release|Any CPU.ActiveCfg = Release|Any CPU
		{288DF1BC-68ED-415A-91B1-FA461AA73AE8}.Release|Any CPU.Build.0 = Release|Any CPU
		{451F42CF-B4AF-449F-A742-8EC454C4657D}.Debug|Any CPU.ActiveCfg = Debug|Any CPU
		{451F42CF-B4AF-449F-A742-8EC454C4657D}.Debug|Any CPU.Build.0 = Debug|Any CPU
		{451F42CF-B4AF-449F-A742-8EC454C4657D}.Release|Any CPU.ActiveCfg = Release|Any CPU
		{451F42CF-B4AF-449F-A742-8EC454C4657D}.Release|Any CPU.Build.0 = Release|Any CPU
		{52C62086-AA45-4A51-B1F4-557BAB1E0AEA}.Debug|Any CPU.ActiveCfg = Debug|Any CPU
		{52C62086-AA45-4A51-B1F4-557BAB1E0AEA}.Debug|Any CPU.Build.0 = Debug|Any CPU
		{52C62086-AA45-4A51-B1F4-557BAB1E0AEA}.Release|Any CPU.ActiveCfg = Release|Any CPU
		{52C62086-AA45-4A51-B1F4-557BAB1E0AEA}.Release|Any CPU.Build.0 = Release|Any CPU
		{808A191E-20EE-4E37-85AF-4C4900935337}.Debug|Any CPU.ActiveCfg = Debug|Any CPU
		{808A191E-20EE-4E37-85AF-4C4900935337}.Debug|Any CPU.Build.0 = Debug|Any CPU
		{808A191E-20EE-4E37-85AF-4C4900935337}.Release|Any CPU.ActiveCfg = Release|Any CPU
		{808A191E-20EE-4E37-85AF-4C4900935337}.Release|Any CPU.Build.0 = Release|Any CPU
		{AD50DE17-8ECF-4208-A2E0-038E4783E443}.Debug|Any CPU.ActiveCfg = Debug|Any CPU
		{AD50DE17-8ECF-4208-A2E0-038E4783E443}.Debug|Any CPU.Build.0 = Debug|Any CPU
		{AD50DE17-8ECF-4208-A2E0-038E4783E443}.Release|Any CPU.ActiveCfg = Release|Any CPU
		{AD50DE17-8ECF-4208-A2E0-038E4783E443}.Release|Any CPU.Build.0 = Release|Any CPU
	EndGlobalSection
	GlobalSection(SolutionProperties) = preSolution
		HideSolutionNode = FALSE
	EndGlobalSection
	GlobalSection(ExtensibilityGlobals) = postSolution
		SolutionGuid = {C94EC7FF-F4FF-469B-B0DA-D663BE9AB911}
	EndGlobalSection
EndGlobal
